version: 6
environments:
  default:
    channels:
    - url: https://conda.anaconda.org/conda-forge/
    indexes:
    - https://mirrors.ustc.edu.cn/pypi/web/simple
    - https://mirrors.ustc.edu.cn/pypi/web/simple
    options:
      pypi-prerelease-mode: if-necessary-or-explicit
    packages:
      win-64:
      - conda: https://conda.anaconda.org/conda-forge/win-64/bzip2-1.0.8-h0ad9c76_8.conda
      - conda: https://conda.anaconda.org/conda-forge/noarch/ca-certificates-2025.11.12-h4c7d964_0.conda
      - conda: https://conda.anaconda.org/conda-forge/win-64/icu-75.1-he0c23c2_0.conda
      - conda: https://conda.anaconda.org/conda-forge/win-64/libblas-3.11.0-5_hf2e6a31_mkl.conda
      - conda: https://conda.anaconda.org/conda-forge/win-64/libcblas-3.11.0-5_h2a3cdd5_mkl.conda
      - conda: https://conda.anaconda.org/conda-forge/win-64/libexpat-2.7.3-hac47afa_0.conda
      - conda: https://conda.anaconda.org/conda-forge/win-64/libffi-3.5.2-h52bdfb6_0.conda
      - conda: https://conda.anaconda.org/conda-forge/win-64/libhwloc-2.12.1-default_h4379cf1_1003.conda
      - conda: https://conda.anaconda.org/conda-forge/win-64/libiconv-1.18-hc1393d2_2.conda
      - conda: https://conda.anaconda.org/conda-forge/win-64/liblapack-3.11.0-5_hf9ab0e9_mkl.conda
      - conda: https://conda.anaconda.org/conda-forge/win-64/liblzma-5.8.1-h2466b09_2.conda
      - conda: https://conda.anaconda.org/conda-forge/win-64/libsqlite-3.51.1-hf5d6505_1.conda
      - conda: https://conda.anaconda.org/conda-forge/win-64/libwinpthread-12.0.0.r4.gg4f2fc60ca-h57928b3_10.conda
      - conda: https://conda.anaconda.org/conda-forge/win-64/libxml2-16-2.15.1-h06f855e_0.conda
      - conda: https://conda.anaconda.org/conda-forge/win-64/libxml2-2.15.1-ha29bfb0_0.conda
      - conda: https://conda.anaconda.org/conda-forge/win-64/libzlib-1.3.1-h2466b09_2.conda
      - conda: https://conda.anaconda.org/conda-forge/win-64/llvm-openmp-21.1.8-h4fa8253_0.conda
      - conda: https://conda.anaconda.org/conda-forge/win-64/mkl-2025.3.0-hac47afa_454.conda
      - conda: https://conda.anaconda.org/conda-forge/win-64/numpy-2.4.0-py312ha72d056_0.conda
      - conda: https://conda.anaconda.org/conda-forge/win-64/openssl-3.6.0-h725018a_0.conda
      - conda: https://conda.anaconda.org/conda-forge/win-64/psutil-7.2.0-py312he5662c2_0.conda
      - conda: https://conda.anaconda.org/conda-forge/win-64/python-3.12.12-h0159041_1_cpython.conda
      - conda: https://conda.anaconda.org/conda-forge/noarch/python_abi-3.12-8_cp312.conda
      - conda: https://conda.anaconda.org/conda-forge/win-64/pywin32-311-py312h829343e_1.conda
      - conda: https://conda.anaconda.org/conda-forge/win-64/pyyaml-6.0.3-py312h05f76fc_0.conda
      - conda: https://conda.anaconda.org/conda-forge/win-64/tbb-2022.3.0-hd094cb3_1.conda
      - conda: https://conda.anaconda.org/conda-forge/win-64/tk-8.6.13-h2c6b04d_3.conda
      - conda: https://conda.anaconda.org/conda-forge/noarch/tzdata-2025c-h8577fbf_0.conda
      - conda: https://conda.anaconda.org/conda-forge/win-64/ucrt-10.0.26100.0-h57928b3_0.conda
      - conda: https://conda.anaconda.org/conda-forge/win-64/vc-14.3-h2b53caa_33.conda
      - conda: https://conda.anaconda.org/conda-forge/win-64/vc14_runtime-14.44.35208-h818238b_33.conda
      - conda: https://conda.anaconda.org/conda-forge/win-64/vcomp14-14.44.35208-h818238b_33.conda
      - conda: https://conda.anaconda.org/conda-forge/win-64/yaml-0.2.5-h6a83c73_3.conda
      - pypi: https://mirrors.ustc.edu.cn/pypi/packages/23/28/1e3e5cd1d677cca68b26166f704f72e35b1e8b6d5076d8ebeebc4e40a649/mss-10.1.0-py3-none-any.whl
      - pypi: https://mirrors.ustc.edu.cn/pypi/packages/a4/7d/f1c30a92854540bf789e9cd5dde7ef49bbe63f855b85a2e6b3db8135c591/opencv_python-4.11.0.86-cp37-abi3-win_amd64.whl
packages:
- conda: https://conda.anaconda.org/conda-forge/win-64/bzip2-1.0.8-h0ad9c76_8.conda
  sha256: d882712855624641f48aa9dc3f5feea2ed6b4e6004585d3616386a18186fe692
  md5: 1077e9333c41ff0be8edd1a5ec0ddace
  depends:
  - ucrt >=10.0.20348.0
  - vc >=14.3,<15
  - vc14_runtime >=14.44.35208
  license: bzip2-1.0.6
  license_family: BSD
  purls: []
  size: 55977
  timestamp: 1757437738856
- conda: https://conda.anaconda.org/conda-forge/noarch/ca-certificates-2025.11.12-h4c7d964_0.conda
  sha256: 686a13bd2d4024fc99a22c1e0e68a7356af3ed3304a8d3ff6bb56249ad4e82f0
  md5: f98fb7db808b94bc1ec5b0e62f9f1069
  depends:
  - __win
  license: ISC
  purls: []
  size: 152827
  timestamp: 1762967310929
- conda: https://conda.anaconda.org/conda-forge/win-64/icu-75.1-he0c23c2_0.conda
  sha256: 1d04369a1860a1e9e371b9fc82dd0092b616adcf057d6c88371856669280e920
  md5: 8579b6bb8d18be7c0b27fb08adeeeb40
  depends:
  - ucrt >=10.0.20348.0
  - vc >=14.2,<15
  - vc14_runtime >=14.29.30139
  license: MIT
  license_family: MIT
  purls: []
  size: 14544252
  timestamp: 1720853966338
- conda: https://conda.anaconda.org/conda-forge/win-64/libblas-3.11.0-5_hf2e6a31_mkl.conda
  build_number: 5
  sha256: f0cb7b2697461a306341f7ff32d5b361bb84f3e94478464c1e27ee01fc8f276b
  md5: f9decf88743af85c9c9e05556a4c47c0
  depends:
  - mkl >=2025.3.0,<2026.0a0
  constrains:
  - liblapack  3.11.0   5*_mkl
  - libcblas   3.11.0   5*_mkl
  - blas 2.305   mkl
  - liblapacke 3.11.0   5*_mkl
  license: BSD-3-Clause
  license_family: BSD
  purls: []
  size: 67438
  timestamp: 1765819100043
- conda: https://conda.anaconda.org/conda-forge/win-64/libcblas-3.11.0-5_h2a3cdd5_mkl.conda
  build_number: 5
  sha256: 49dc59d8e58360920314b8d276dd80da7866a1484a9abae4ee2760bc68f3e68d
  md5: b3fa8e8b55310ba8ef0060103afb02b5
  depends:
  - libblas 3.11.0 5_hf2e6a31_mkl
  constrains:
  - liblapack  3.11.0   5*_mkl
  - liblapacke 3.11.0   5*_mkl
  - blas 2.305   mkl
  license: BSD-3-Clause
  license_family: BSD
  purls: []
  size: 68079
  timestamp: 1765819124349
- conda: https://conda.anaconda.org/conda-forge/win-64/libexpat-2.7.3-hac47afa_0.conda
  sha256: 844ab708594bdfbd7b35e1a67c379861bcd180d6efe57b654f482ae2f7f5c21e
  md5: 8c9e4f1a0e688eef2e95711178061a0f
  depends:
  - ucrt >=10.0.20348.0
  - vc >=14.3,<15
  - vc14_runtime >=14.44.35208
  constrains:
  - expat 2.7.3.*
  license: MIT
  license_family: MIT
  purls: []
  size: 70137
  timestamp: 1763550049107
- conda: https://conda.anaconda.org/conda-forge/win-64/libffi-3.5.2-h52bdfb6_0.conda
  sha256: ddff25aaa4f0aa535413f5d831b04073789522890a4d8626366e43ecde1534a3
  md5: ba4ad812d2afc22b9a34ce8327a0930f
  depends:
  - ucrt >=10.0.20348.0
  - vc >=14.3,<15
  - vc14_runtime >=14.44.35208
  license: MIT
  license_family: MIT
  purls: []
  size: 44866
  timestamp: 1760295760649
- conda: https://conda.anaconda.org/conda-forge/win-64/libhwloc-2.12.1-default_h4379cf1_1003.conda
  sha256: 2d534c09f92966b885acb3f4a838f7055cea043165a03079a539b06c54e20a49
  md5: d1699ce4fe195a9f61264a1c29b87035
  depends:
  - libwinpthread >=12.0.0.r4.gg4f2fc60ca
  - libxml2
  - libxml2-16 >=2.14.6
  - ucrt >=10.0.20348.0
  - vc >=14.3,<15
  - vc14_runtime >=14.44.35208
  license: BSD-3-Clause
  license_family: BSD
  purls: []
  size: 2412642
  timestamp: 1765090345611
- conda: https://conda.anaconda.org/conda-forge/win-64/libiconv-1.18-hc1393d2_2.conda
  sha256: 0dcdb1a5f01863ac4e8ba006a8b0dc1a02d2221ec3319b5915a1863254d7efa7
  md5: 64571d1dd6cdcfa25d0664a5950fdaa2
  depends:
  - ucrt >=10.0.20348.0
  - vc >=14.3,<15
  - vc14_runtime >=14.44.35208
  license: LGPL-2.1-only
  purls: []
  size: 696926
  timestamp: 1754909290005
- conda: https://conda.anaconda.org/conda-forge/win-64/liblapack-3.11.0-5_hf9ab0e9_mkl.conda
  build_number: 5
  sha256: a2d33f5cc2b8a9042f2af6981c6733ab1a661463823eaa56595a9c58c0ab77e1
  md5: e62c42a4196dee97d20400612afcb2b1
  depends:
  - libblas 3.11.0 5_hf2e6a31_mkl
  constrains:
  - libcblas   3.11.0   5*_mkl
  - blas 2.305   mkl
  - liblapacke 3.11.0   5*_mkl
  license: BSD-3-Clause
  license_family: BSD
  purls: []
  size: 80225
  timestamp: 1765819148014
- conda: https://conda.anaconda.org/conda-forge/win-64/liblzma-5.8.1-h2466b09_2.conda
  sha256: 55764956eb9179b98de7cc0e55696f2eff8f7b83fc3ebff5e696ca358bca28cc
  md5: c15148b2e18da456f5108ccb5e411446
  depends:
  - ucrt >=10.0.20348.0
  - vc >=14.2,<15
  - vc14_runtime >=14.29.30139
  constrains:
  - xz 5.8.1.*
  license: 0BSD
  purls: []
  size: 104935
  timestamp: 1749230611612
- conda: https://conda.anaconda.org/conda-forge/win-64/libsqlite-3.51.1-hf5d6505_1.conda
  sha256: d6d86715a1afe11f626b7509935e9d2e14a4946632c0ac474526e20fc6c55f99
  md5: be65be5f758709fc01b01626152e96b0
  depends:
  - ucrt >=10.0.20348.0
  - vc >=14.3,<15
  - vc14_runtime >=14.44.35208
  license: blessing
  purls: []
  size: 1292859
  timestamp: 1766319616777
- conda: https://conda.anaconda.org/conda-forge/win-64/libwinpthread-12.0.0.r4.gg4f2fc60ca-h57928b3_10.conda
  sha256: 0fccf2d17026255b6e10ace1f191d0a2a18f2d65088fd02430be17c701f8ffe0
  md5: 8a86073cf3b343b87d03f41790d8b4e5
  depends:
  - ucrt
  constrains:
  - pthreads-win32 <0.0a0
  - msys2-conda-epoch <0.0a0
  license: MIT AND BSD-3-Clause-Clear
  purls: []
  size: 36621
  timestamp: 1759768399557
- conda: https://conda.anaconda.org/conda-forge/win-64/libxml2-2.15.1-ha29bfb0_0.conda
  sha256: fb51b91a01eac9ee5e26c67f4e081f09f970c18a3da5231b8172919a1e1b3b6b
  md5: 87116b9de9c1825c3fd4ef92c984877b
  depends:
  - icu >=75.1,<76.0a0
  - libiconv >=1.18,<2.0a0
  - liblzma >=5.8.1,<6.0a0
  - libxml2-16 2.15.1 h06f855e_0
  - libzlib >=1.3.1,<2.0a0
  - ucrt >=10.0.20348.0
  - vc >=14.3,<15
  - vc14_runtime >=14.44.35208
  license: MIT
  license_family: MIT
  purls: []
  size: 43042
  timestamp: 1761016261024
- conda: https://conda.anaconda.org/conda-forge/win-64/libxml2-16-2.15.1-h06f855e_0.conda
  sha256: 3f65ea0f04c7738116e74ca87d6e40f8ba55b3df31ef42b8cb4d78dd96645e90
  md5: 4a5ea6ec2055ab0dfd09fd0c498f834a
  depends:
  - icu >=75.1,<76.0a0
  - libiconv >=1.18,<2.0a0
  - liblzma >=5.8.1,<6.0a0
  - libzlib >=1.3.1,<2.0a0
  - ucrt >=10.0.20348.0
  - vc >=14.3,<15
  - vc14_runtime >=14.44.35208
  constrains:
  - libxml2 2.15.1
  license: MIT
  license_family: MIT
  purls: []
  size: 518616
  timestamp: 1761016240185
- conda: https://conda.anaconda.org/conda-forge/win-64/libzlib-1.3.1-h2466b09_2.conda
  sha256: ba945c6493449bed0e6e29883c4943817f7c79cbff52b83360f7b341277c6402
  md5: 41fbfac52c601159df6c01f875de31b9
  depends:
  - ucrt >=10.0.20348.0
  - vc >=14.2,<15
  - vc14_runtime >=14.29.30139
  constrains:
  - zlib 1.3.1 *_2
  license: Zlib
  license_family: Other
  purls: []
  size: 55476
  timestamp: 1727963768015
- conda: https://conda.anaconda.org/conda-forge/win-64/llvm-openmp-21.1.8-h4fa8253_0.conda
  sha256: 145c4370abe870f10987efa9fc15a8383f1dab09abbc9ad4ff15a55d45658f7b
  md5: 0d8b425ac862bcf17e4b28802c9351cb
  depends:
  - ucrt >=10.0.20348.0
  - vc >=14.3,<15
  - vc14_runtime >=14.44.35208
  constrains:
  - intel-openmp <0.0a0
  - openmp 21.1.8|21.1.8.*
  license: Apache-2.0 WITH LLVM-exception
  license_family: APACHE
  purls: []
  size: 347566
  timestamp: 1765964942856
- conda: https://conda.anaconda.org/conda-forge/win-64/mkl-2025.3.0-hac47afa_454.conda
  sha256: 3c432e77720726c6bd83e9ee37ac8d0e3dd7c4cf9b4c5805e1d384025f9e9ab6
  md5: c83ec81713512467dfe1b496a8292544
  depends:
  - llvm-openmp >=21.1.4
  - tbb >=2022.2.0
  - ucrt >=10.0.20348.0
  - vc >=14.3,<15
  - vc14_runtime >=14.44.35208
  license: LicenseRef-IntelSimplifiedSoftwareOct2022
  license_family: Proprietary
  purls: []
  size: 99909095
  timestamp: 1761668703167
- pypi: https://mirrors.ustc.edu.cn/pypi/packages/23/28/1e3e5cd1d677cca68b26166f704f72e35b1e8b6d5076d8ebeebc4e40a649/mss-10.1.0-py3-none-any.whl
  name: mss
  version: 10.1.0
  sha256: 9179c110cadfef5dc6dc4a041a0cd161c74c379218648e6640b48c6b5cfe8918
  requires_dist:
  - build==1.3.0 ; extra == 'dev'
  - mypy==1.17.1 ; extra == 'dev'
  - ruff==0.12.9 ; extra == 'dev'
  - twine==6.1.0 ; extra == 'dev'
  - shibuya==2025.7.24 ; extra == 'docs'
  - sphinx-copybutton==0.5.2 ; extra == 'docs'
  - sphinx-new-tab-link==0.8.0 ; extra == 'docs'
  - sphinx==8.2.3 ; extra == 'docs'
  - numpy==2.2.4 ; python_full_version == '3.13.*' and sys_platform == 'linux' and extra == 'tests'
  - pillow==11.3.0 ; python_full_version == '3.13.*' and sys_platform == 'linux' and extra == 'tests'
  - pytest-cov==6.2.1 ; extra == 'tests'
  - pytest-rerunfailures==15.1 ; extra == 'tests'
  - pytest==8.4.1 ; extra == 'tests'
  - pyvirtualdisplay==3.0 ; sys_platform == 'linux' and extra == 'tests'
  requires_python: '>=3.9'
- conda: https://conda.anaconda.org/conda-forge/win-64/numpy-2.4.0-py312ha72d056_0.conda
  sha256: c50d1628417c5a310721bb92245053bbfbc6bfaf3307e5bd4081b9a6a63768c4
  md5: f2bd62703204080cfb22fb5e67930490
  depends:
  - python
  - vc >=14.3,<15
  - vc14_runtime >=14.44.35208
  - ucrt >=10.0.20348.0
  - liblapack >=3.9.0,<4.0a0
  - libblas >=3.9.0,<4.0a0
  - libcblas >=3.9.0,<4.0a0
  - python_abi 3.12.* *_cp312
  constrains:
  - numpy-base <0a0
  license: BSD-3-Clause
  purls:
  - pkg:pypi/numpy?source=hash-mapping
  size: 7156411
  timestamp: 1766373813113
- pypi: https://mirrors.ustc.edu.cn/pypi/packages/a4/7d/f1c30a92854540bf789e9cd5dde7ef49bbe63f855b85a2e6b3db8135c591/opencv_python-4.11.0.86-cp37-abi3-win_amd64.whl
  name: opencv-python
  version: 4.11.0.86
  sha256: 085ad9b77c18853ea66283e98affefe2de8cc4c1f43eda4c100cf9b2721142ec
  requires_dist:
  - numpy>=1.13.3 ; python_full_version < '3.7'
  - numpy>=1.21.0 ; python_full_version < '3.10' and platform_machine == 'arm64' and sys_platform == 'darwin'
  - numpy>=1.21.2 ; python_full_version >= '3.10'
  - numpy>=1.21.4 ; python_full_version >= '3.10' and sys_platform == 'darwin'
  - numpy>=1.23.5 ; python_full_version >= '3.11'
  - numpy>=1.26.0 ; python_full_version >= '3.12'
  - numpy>=1.19.3 ; python_full_version >= '3.6' and platform_machine == 'aarch64' and sys_platform == 'linux'
  - numpy>=1.17.0 ; python_full_version >= '3.7'
  - numpy>=1.17.3 ; python_full_version >= '3.8'
  - numpy>=1.19.3 ; python_full_version >= '3.9'
  requires_python: '>=3.6'
- conda: https://conda.anaconda.org/conda-forge/win-64/openssl-3.6.0-h725018a_0.conda
  sha256: 6d72d6f766293d4f2aa60c28c244c8efed6946c430814175f959ffe8cab899b3
  md5: 84f8fb4afd1157f59098f618cd2437e4
  depends:
  - ca-certificates
  - ucrt >=10.0.20348.0
  - vc >=14.3,<15
  - vc14_runtime >=14.44.35208
  license: Apache-2.0
  license_family: Apache
  purls: []
  size: 9440812
  timestamp: 1762841722179
- conda: https://conda.anaconda.org/conda-forge/win-64/psutil-7.2.0-py312he5662c2_0.conda
  sha256: a7a2b9f2afbc3bdb50f8c7162bf861d1de34155c5516c144c7f931b0f0b8c53e
  md5: bd42eaa82876ff73c7afbaf42f3f68d4
  depends:
  - python
  - vc >=14.3,<15
  - vc14_runtime >=14.44.35208
  - ucrt >=10.0.20348.0
  - python_abi 3.12.* *_cp312
  license: BSD-3-Clause
  purls:
  - pkg:pypi/psutil?source=hash-mapping
  size: 239355
  timestamp: 1766552071956
- conda: https://conda.anaconda.org/conda-forge/win-64/python-3.12.12-h0159041_1_cpython.conda
  build_number: 1
  sha256: 9b163b0426c92eee1881d5c838e230a750a3fa372092db494772886ab91c2548
  md5: 42ae551e4c15837a582bea63412dc0b4
  depends:
  - bzip2 >=1.0.8,<2.0a0
  - libexpat >=2.7.1,<3.0a0
  - libffi >=3.5.2,<3.6.0a0
  - liblzma >=5.8.1,<6.0a0
  - libsqlite >=3.50.4,<4.0a0
  - libzlib >=1.3.1,<2.0a0
  - openssl >=3.5.4,<4.0a0
  - tk >=8.6.13,<8.7.0a0
  - tzdata
  - ucrt >=10.0.20348.0
  - vc >=14.3,<15
  - vc14_runtime >=14.44.35208
  constrains:
  - python_abi 3.12.* *_cp312
  license: Python-2.0
  purls: []
  size: 15883484
  timestamp: 1761175152489
- conda: https://conda.anaconda.org/conda-forge/noarch/python_abi-3.12-8_cp312.conda
  build_number: 8
  sha256: 80677180dd3c22deb7426ca89d6203f1c7f1f256f2d5a94dc210f6e758229809
  md5: c3efd25ac4d74b1584d2f7a57195ddf1
  constrains:
  - python 3.12.* *_cpython
  license: BSD-3-Clause
  license_family: BSD
  purls: []
  size: 6958
  timestamp: 1752805918820
- conda: https://conda.anaconda.org/conda-forge/win-64/pywin32-311-py312h829343e_1.conda
  sha256: a7505522048dad63940d06623f07eb357b9b65510a8d23ff32b99add05aac3a1
  md5: 64cbe4ecbebe185a2261d3f298a60cde
  depends:
  - python
  - vc >=14.3,<15
  - vc14_runtime >=14.44.35208
  - ucrt >=10.0.20348.0
  - vc >=14.3,<15
  - vc14_runtime >=14.44.35208
  - ucrt >=10.0.20348.0
  - python_abi 3.12.* *_cp312
  license: PSF-2.0
  license_family: PSF
  purls:
  - pkg:pypi/pywin32?source=hash-mapping
  size: 6684490
  timestamp: 1756487136116
- conda: https://conda.anaconda.org/conda-forge/win-64/pyyaml-6.0.3-py312h05f76fc_0.conda
  sha256: 54d04e61d17edffeba1e5cad45f10f272a016b6feec1fa8fa6af364d84a7b4fc
  md5: 4a68f80fbf85499f093101cc17ffbab7
  depends:
  - python >=3.12,<3.13.0a0
  - python_abi 3.12.* *_cp312
  - ucrt >=10.0.20348.0
  - vc >=14.3,<15
  - vc14_runtime >=14.44.35208
  - yaml >=0.2.5,<0.3.0a0
  license: MIT
  license_family: MIT
  purls:
  - pkg:pypi/pyyaml?source=hash-mapping
  size: 180635
  timestamp: 1758891847871
- conda: https://conda.anaconda.org/conda-forge/win-64/tbb-2022.3.0-hd094cb3_1.conda
  sha256: c31cac57913a699745d124cdc016a63e31c5749f16f60b3202414d071fc50573
  md5: 17c38aaf14c640b85c4617ccb59c1146
  depends:
  - libhwloc >=2.12.1,<2.12.2.0a0
  - ucrt >=10.0.20348.0
  - vc >=14.3,<15
  - vc14_runtime >=14.44.35208
  license: Apache-2.0
  license_family: APACHE
  purls: []
  size: 155714
  timestamp: 1762510341121
- conda: https://conda.anaconda.org/conda-forge/win-64/tk-8.6.13-h2c6b04d_3.conda
  sha256: 4581f4ffb432fefa1ac4f85c5682cc27014bcd66e7beaa0ee330e927a7858790
  md5: 7cb36e506a7dba4817970f8adb6396f9
  depends:
  - ucrt >=10.0.20348.0
  - vc >=14.2,<15
  - vc14_runtime >=14.29.30139
  license: TCL
  license_family: BSD
  purls: []
  size: 3472313
  timestamp: 1763055164278
- conda: https://conda.anaconda.org/conda-forge/noarch/tzdata-2025c-h8577fbf_0.conda
  sha256: 50fad5db6734d1bb73df1cf5db73215e326413d4b2137933f70708aa1840e25b
  md5: 338201218b54cadff2e774ac27733990
  license: LicenseRef-Public-Domain
  purls: []
  size: 119204
  timestamp: 1765745742795
- conda: https://conda.anaconda.org/conda-forge/win-64/ucrt-10.0.26100.0-h57928b3_0.conda
  sha256: 3005729dce6f3d3f5ec91dfc49fc75a0095f9cd23bab49efb899657297ac91a5
  md5: 71b24316859acd00bdb8b38f5e2ce328
  constrains:
  - vc14_runtime >=14.29.30037
  - vs2015_runtime >=14.29.30037
  license: LicenseRef-MicrosoftWindowsSDK10
  purls: []
  size: 694692
  timestamp: 1756385147981
- conda: https://conda.anaconda.org/conda-forge/win-64/vc-14.3-h2b53caa_33.conda
  sha256: 7036945b5fff304064108c22cbc1bb30e7536363782b0456681ee6cf209138bd
  md5: 2d1c042360c09498891809a3765261be
  depends:
  - vc14_runtime >=14.42.34433
  track_features:
  - vc14
  license: BSD-3-Clause
  license_family: BSD
  purls: []
  size: 19070
  timestamp: 1765216452130
- conda: https://conda.anaconda.org/conda-forge/win-64/vc14_runtime-14.44.35208-h818238b_33.conda
  sha256: 7e8f7da25d7ce975bbe7d7e6d6e899bf1f253e524a3427cc135a79f3a79c457c
  md5: fb8e4914c5ad1c71b3c519621e1df7b8
  depends:
  - ucrt >=10.0.20348.0
  - vcomp14 14.44.35208 h818238b_33
  constrains:
  - vs2015_runtime 14.44.35208.* *_33
  license: LicenseRef-MicrosoftVisualCpp2015-2022Runtime
  license_family: Proprietary
  purls: []
  size: 684323
  timestamp: 1765216366832
- conda: https://conda.anaconda.org/conda-forge/win-64/vcomp14-14.44.35208-h818238b_33.conda
  sha256: f79edd878094e86af2b2bc1455b0a81e02839a784fb093d5996ad4cf7b810101
  md5: 4cb6942b4bd846e51b4849f4a93c7e6d
  depends:
  - ucrt >=10.0.20348.0
  constrains:
  - vs2015_runtime 14.44.35208.* *_33
  license: LicenseRef-MicrosoftVisualCpp2015-2022Runtime
  license_family: Proprietary
  purls: []
  size: 115073
  timestamp: 1765216325898
- conda: https://conda.anaconda.org/conda-forge/win-64/yaml-0.2.5-h6a83c73_3.conda
  sha256: 80ee68c1e7683a35295232ea79bcc87279d31ffeda04a1665efdb43cbd50a309
  md5: 433699cba6602098ae8957a323da2664
  depends:
  - vc >=14.3,<15
  - vc14_runtime >=14.44.35208
  - ucrt >=10.0.20348.0
  - vc >=14.3,<15
  - vc14_runtime >=14.44.35208
  - ucrt >=10.0.20348.0
  license: MIT
  license_family: MIT
  purls: []
  size: 63944
  timestamp: 1753484092156
